
Microsoft Visual Studio Solution File, Format Version 12.00
# Visual Studio Version 17
VisualStudioVersion = 17.7.34221.43
MinimumVisualStudioVersion = 10.0.40219.1
Project("{FAE04EC0-301F-11D3-BF4B-00C04F79EFBC}") = "Functions_Methods", "Functions_Methods\Functions_Methods.csproj", "{3338983B-A477-422B-B9AB-941129164D17}"
EndProject
Global
	GlobalSection(SolutionConfigurationPlatforms) = preSolution
		Debug|Any CPU = Debug|Any CPU
		Release|Any CPU = Release|Any CPU
	EndGlobalSection
	GlobalSection(ProjectConfigurationPlatforms) = postSolution
		{3338983B-A477-422B-B9AB-941129164D17}.Debug|Any CPU.ActiveCfg = Debug|Any CPU
		{3338983B-A477-422B-B9AB-941129164D17}.Debug|Any CPU.Build.0 = Debug|Any CPU
		{3338983B-A477-422B-B9AB-941129164D17}.Release|Any CPU.ActiveCfg = Release|Any CPU
		{3338983B-A477-422B-B9AB-941129164D17}.Release|Any CPU.Build.0 = Release|Any CPU
	EndGlobalSection
	GlobalSection(SolutionProperties) = preSolution
		HideSolutionNode = FALSE
	EndGlobalSection
	GlobalSection(ExtensibilityGlobals) = postSolution
		SolutionGuid = {1AAB1EBC-7BF5-405E-A754-5A642BCC5217}
	EndGlobalSection
EndGlobal
